{
  "name": "apitpl",
  "version": "1.0.0",
  "lockfileVersion": 2,
  "requires": true,
  "packages": {
    "": {
      "name": "apitpl",
      "version": "1.0.0",
      "license": "ISC",
      "dependencies": {
        "axios": "^0.26.0",
        "bufferhelper": "^0.2.1",
        "dayjs": "^1.11.13",
        "fs-extra": "^9.0.0",
        "handlebars": "^4.7.6",
        "iconv-lite": "^0.5.1",
        "jws": "^4.0.0",
        "querystring": "^0.2.0",
        "vditor": "^3.9.8"
      }
    },
    "node_modules/at-least-node": {
      "version": "1.0.0",
      "resolved": "https://registry.npmmirror.com/at-least-node/-/at-least-node-1.0.0.tgz",
      "integrity": "sha512-+q/ALIBABA_ACCESS_KEY_SECRET_REDACTEDALIBABA_ACCESS_KEY_SECRET_REDACTED==",
      "engines": {
        "node": ">= 4.0.0"
      }
    },
    "node_modules/axios": {
      "version": "0.26.1",
      "resolved": "https://registry.npmmirror.com/axios/-/axios-0.26.1.tgz",
      "integrity": "sha512-ALIBABA_ACCESS_KEY_SECRET_REDACTEDdEeZe11QHf18+6+9gR5PbKV/sGKNaD8YaMeA==",
      "dependencies": {
        "follow-redirects": "^1.14.8"
      }
    },
    "node_modules/buffer-equal-constant-time": {
      "version": "1.0.1",
      "resolved": "https://registry.npmmirror.com/buffer-equal-constant-time/-/buffer-equal-constant-time-1.0.1.tgz",
      "integrity": "sha512-zRpUiDwd/ALIBABA_ACCESS_KEY_SECRET_REDACTEDuiZIkwu9KrKdA1iJKfsfTVxE6NA=="
    },
    "node_modules/bufferhelper": {
      "version": "0.2.1",
      "resolved": "https://registry.npmmirror.com/bufferhelper/-/bufferhelper-0.2.1.tgz",
      "integrity": "sha512-ALIBABA_ACCESS_KEY_SECRET_REDACTED/gfOn7feOGJoVKk5Ewtj7wvFGPH/eGSKZ5qq/A4/PPfw==",
      "engines": {
        "node": ">= 0.8.0"
      }
    },
    "node_modules/dayjs": {
      "version": "1.11.13",
      "resolved": "https://registry.npmmirror.com/dayjs/-/dayjs-1.11.13.tgz",
      "integrity": "sha512-ALIBABA_ACCESS_KEY_SECRET_REDACTEDALIBABA_ACCESS_KEY_SECRET_REDACTED/x6xNg==",
      "license": "MIT"
    },
    "node_modules/diff-match-patch": {
      "version": "1.0.5",
      "resolved": "https://registry.npmmirror.com/diff-match-patch/-/diff-match-patch-1.0.5.tgz",
      "integrity": "sha512-IayShXAgj/QMXgB0IWmKx+ALIBABA_ACCESS_KEY_SECRET_REDACTEDv4yK6SxqYmikgw=="
    },
    "node_modules/ecdsa-sig-formatter": {
      "version": "1.0.11",
      "resolved": "https://registry.npmmirror.com/ecdsa-sig-formatter/-/ecdsa-sig-formatter-1.0.11.tgz",
      "integrity": "sha512-ALIBABA_ACCESS_KEY_SECRET_REDACTED/2vtz6yN9Z4vRKHN4/ALIBABA_ACCESS_KEY_SECRET_REDACTED==",
      "dependencies": {
        "safe-buffer": "^5.0.1"
      }
    },
    "node_modules/follow-redirects": {
      "version": "1.15.3",
      "resolved": "https://registry.npmmirror.com/follow-redirects/-/follow-redirects-1.15.3.tgz",
      "integrity": "sha512-1VzOtuEM8pC9SFU1E+ALIBABA_ACCESS_KEY_SECRET_REDACTEDfBwLhDWevLn95w5v6Q==",
      "engines": {
        "node": ">=4.0"
      },
      "peerDependenciesMeta": {
        "debug": {
          "optional": true
        }
      }
    },
    "node_modules/fs-extra": {
      "version": "9.1.0",
      "resolved": "https://registry.npmmirror.com/fs-extra/-/fs-extra-9.1.0.tgz",
      "integrity": "sha512-hcg3ZmepS30/7BSFqRvoo3DOMQu7IjqxO5nCDt+zM9XWjb33Wg7ziNT+Qvqbuc3+gWpzO02JubVyk2G4Zvo1OQ==",
      "dependencies": {
        "at-least-node": "^1.0.0",
        "graceful-fs": "^4.2.0",
        "jsonfile": "^6.0.1",
        "universalify": "^2.0.0"
      },
      "engines": {
        "node": ">=10"
      }
    },
    "node_modules/graceful-fs": {
      "version": "4.2.11",
      "resolved": "https://registry.npmmirror.com/graceful-fs/-/graceful-fs-4.2.11.tgz",
      "integrity": "sha512-RbJ5/jmFcNNCcDV5o9eTnBLJ/HszWV0P73bc+Ff4nS/rJj+YaS6IGyiOL0VoBYX+l1Wrl3k63h/KrH+nhJ0XvQ=="
    },
    "node_modules/handlebars": {
      "version": "4.7.8",
      "resolved": "https://registry.npmmirror.com/handlebars/-/handlebars-4.7.8.tgz",
      "integrity": "sha512-vafaFqs8MZkRrSX7sFVUdo3ap/ALIBABA_ACCESS_KEY_SECRET_REDACTEDEoJzzpT8aQ==",
      "dependencies": {
        "minimist": "^1.2.5",
        "neo-async": "^2.6.2",
        "source-map": "^0.6.1",
        "wordwrap": "^1.0.0"
      },
      "bin": {
        "handlebars": "bin/handlebars"
      },
      "engines": {
        "node": ">=0.4.7"
      },
      "optionalDependencies": {
        "uglify-js": "^3.1.4"
      }
    },
    "node_modules/iconv-lite": {
      "version": "0.5.2",
      "resolved": "https://registry.npmmirror.com/iconv-lite/-/iconv-lite-0.5.2.tgz",
      "integrity": "sha512-ALIBABA_ACCESS_KEY_SECRET_REDACTED+ALIBABA_ACCESS_KEY_SECRET_REDACTED==",
      "dependencies": {
        "safer-buffer": ">= 2.1.2 < 3"
      },
      "engines": {
        "node": ">=0.10.0"
      }
    },
    "node_modules/jsonfile": {
      "version": "6.1.0",
      "resolved": "https://registry.npmmirror.com/jsonfile/-/jsonfile-6.1.0.tgz",
      "integrity": "sha512-ALIBABA_ACCESS_KEY_SECRET_REDACTED/ALIBABA_ACCESS_KEY_SECRET_REDACTED+fY3cn3pMqXQ==",
      "dependencies": {
        "universalify": "^2.0.0"
      },
      "optionalDependencies": {
        "graceful-fs": "^4.1.6"
      }
    },
    "node_modules/jwa": {
      "version": "2.0.0",
      "resolved": "https://registry.npmmirror.com/jwa/-/jwa-2.0.0.tgz",
      "integrity": "sha512-jrZ2Qx916EA+ALIBABA_ACCESS_KEY_SECRET_REDACTED+MwrTvH6msKxsd1YTDVw6uKEcsrLEA==",
      "dependencies": {
        "buffer-equal-constant-time": "1.0.1",
        "ecdsa-sig-formatter": "1.0.11",
        "safe-buffer": "^5.0.1"
      }
    },
    "node_modules/jws": {
      "version": "4.0.0",
      "resolved": "https://registry.npmmirror.com/jws/-/jws-4.0.0.tgz",
      "integrity": "sha512-ALIBABA_ACCESS_KEY_SECRET_REDACTED+ru6RgYVZhPkyiy/92Owlt/8UEN+a4TXR1FQetfIpJE8ApdvdVxTg==",
      "dependencies": {
        "jwa": "^2.0.0",
        "safe-buffer": "^5.0.1"
      }
    },
    "node_modules/minimist": {
      "version": "1.2.8",
      "resolved": "https://registry.npmmirror.com/minimist/-/minimist-1.2.8.tgz",
      "integrity": "sha512-ALIBABA_ACCESS_KEY_SECRET_REDACTEDveqqj1u8+SVD7jkWT4yvsHCpWqqWqAxb0zCA=="
    },
    "node_modules/neo-async": {
      "version": "2.6.2",
      "resolved": "https://registry.npmmirror.com/neo-async/-/neo-async-2.6.2.tgz",
      "integrity": "sha512-Yd3UES5mWCSqR+ALIBABA_ACCESS_KEY_SECRET_REDACTED/sF3RrshdyV3sAGMXVUmpMYOw+dLpOuw=="
    },
    "node_modules/querystring": {
      "version": "0.2.1",
      "resolved": "https://registry.npmmirror.com/querystring/-/querystring-0.2.1.tgz",
      "integrity": "sha512-wkvS7mL/JMugcup3/ALIBABA_ACCESS_KEY_SECRET_REDACTED+wyx61k/1pfKS5KuKiyEbg==",
      "deprecated": "The querystring API is considered Legacy. new code should use the URLSearchParams API instead.",
      "engines": {
        "node": ">=0.4.x"
      }
    },
    "node_modules/safe-buffer": {
      "version": "5.2.1",
      "resolved": "https://registry.npmmirror.com/safe-buffer/-/safe-buffer-5.2.1.tgz",
      "integrity": "sha512-ALIBABA_ACCESS_KEY_SECRET_REDACTED+ppbRo70+YeaDxkw5Dd8NPN+GD6bjnYm2VuPuCXmpuYvmCXQ=="
    },
    "node_modules/safer-buffer": {
      "version": "2.1.2",
      "resolved": "https://registry.npmmirror.com/safer-buffer/-/safer-buffer-2.1.2.tgz",
      "integrity": "sha512-ALIBABA_ACCESS_KEY_SECRET_REDACTEDALIBABA_ACCESS_KEY_SECRET_REDACTED=="
    },
    "node_modules/source-map": {
      "version": "0.6.1",
      "resolved": "https://registry.npmmirror.com/source-map/-/source-map-0.6.1.tgz",
      "integrity": "sha512-ALIBABA_ACCESS_KEY_SECRET_REDACTED/ALIBABA_ACCESS_KEY_SECRET_REDACTED==",
      "engines": {
        "node": ">=0.10.0"
      }
    },
    "node_modules/uglify-js": {
      "version": "3.17.4",
      "resolved": "https://registry.npmmirror.com/uglify-js/-/uglify-js-3.17.4.tgz",
      "integrity": "sha512-T9q82TJI9e/C1TAxYvfb16xO120tMVFZrGA3f9/ALIBABA_ACCESS_KEY_SECRET_REDACTED/g==",
      "optional": true,
      "bin": {
        "uglifyjs": "bin/uglifyjs"
      },
      "engines": {
        "node": ">=0.8.0"
      }
    },
    "node_modules/universalify": {
      "version": "2.0.1",
      "resolved": "https://registry.npmmirror.com/universalify/-/universalify-2.0.1.tgz",
      "integrity": "sha512-gptHNQghINnc/ALIBABA_ACCESS_KEY_SECRET_REDACTEDh+PsYAZ7oXAiOnf/UKogyiw==",
      "engines": {
        "node": ">= 10.0.0"
      }
    },
    "node_modules/vditor": {
      "version": "3.9.8",
      "resolved": "https://registry.npmmirror.com/vditor/-/vditor-3.9.8.tgz",
      "integrity": "sha512-Ls17n8GR9t6JOQqH6c0+UegOkuKT/qtMEUOi/ALIBABA_ACCESS_KEY_SECRET_REDACTED==",
      "dependencies": {
        "diff-match-patch": "^1.0.5"
      }
    },
    "node_modules/wordwrap": {
      "version": "1.0.0",
      "resolved": "https://registry.npmmirror.com/wordwrap/-/wordwrap-1.0.0.tgz",
      "integrity": "sha512-ALIBABA_ACCESS_KEY_SECRET_REDACTEDrtRTmWV8W+Ume+XCxKgbjM+nevkyFPMybd4Q=="
    }
  },
  "dependencies": {
    "at-least-node": {
      "version": "1.0.0",
      "resolved": "https://registry.npmmirror.com/at-least-node/-/at-least-node-1.0.0.tgz",
      "integrity": "sha512-+q/ALIBABA_ACCESS_KEY_SECRET_REDACTEDALIBABA_ACCESS_KEY_SECRET_REDACTED=="
    },
    "axios": {
      "version": "0.26.1",
      "resolved": "https://registry.npmmirror.com/axios/-/axios-0.26.1.tgz",
      "integrity": "sha512-ALIBABA_ACCESS_KEY_SECRET_REDACTEDdEeZe11QHf18+6+9gR5PbKV/sGKNaD8YaMeA==",
      "requires": {
        "follow-redirects": "^1.14.8"
      }
    },
    "buffer-equal-constant-time": {
      "version": "1.0.1",
      "resolved": "https://registry.npmmirror.com/buffer-equal-constant-time/-/buffer-equal-constant-time-1.0.1.tgz",
      "integrity": "sha512-zRpUiDwd/ALIBABA_ACCESS_KEY_SECRET_REDACTEDuiZIkwu9KrKdA1iJKfsfTVxE6NA=="
    },
    "bufferhelper": {
      "version": "0.2.1",
      "resolved": "https://registry.npmmirror.com/bufferhelper/-/bufferhelper-0.2.1.tgz",
      "integrity": "sha512-ALIBABA_ACCESS_KEY_SECRET_REDACTED/gfOn7feOGJoVKk5Ewtj7wvFGPH/eGSKZ5qq/A4/PPfw=="
    },
    "dayjs": {
      "version": "1.11.13",
      "resolved": "https://registry.npmmirror.com/dayjs/-/dayjs-1.11.13.tgz",
      "integrity": "sha512-ALIBABA_ACCESS_KEY_SECRET_REDACTEDALIBABA_ACCESS_KEY_SECRET_REDACTED/x6xNg=="
    },
    "diff-match-patch": {
      "version": "1.0.5",
      "resolved": "https://registry.npmmirror.com/diff-match-patch/-/diff-match-patch-1.0.5.tgz",
      "integrity": "sha512-IayShXAgj/QMXgB0IWmKx+ALIBABA_ACCESS_KEY_SECRET_REDACTEDv4yK6SxqYmikgw=="
    },
    "ecdsa-sig-formatter": {
      "version": "1.0.11",
      "resolved": "https://registry.npmmirror.com/ecdsa-sig-formatter/-/ecdsa-sig-formatter-1.0.11.tgz",
      "integrity": "sha512-ALIBABA_ACCESS_KEY_SECRET_REDACTED/2vtz6yN9Z4vRKHN4/ALIBABA_ACCESS_KEY_SECRET_REDACTED==",
      "requires": {
        "safe-buffer": "^5.0.1"
      }
    },
    "follow-redirects": {
      "version": "1.15.3",
      "resolved": "https://registry.npmmirror.com/follow-redirects/-/follow-redirects-1.15.3.tgz",
      "integrity": "sha512-1VzOtuEM8pC9SFU1E+ALIBABA_ACCESS_KEY_SECRET_REDACTEDfBwLhDWevLn95w5v6Q=="
    },
    "fs-extra": {
      "version": "9.1.0",
      "resolved": "https://registry.npmmirror.com/fs-extra/-/fs-extra-9.1.0.tgz",
      "integrity": "sha512-hcg3ZmepS30/7BSFqRvoo3DOMQu7IjqxO5nCDt+zM9XWjb33Wg7ziNT+Qvqbuc3+gWpzO02JubVyk2G4Zvo1OQ==",
      "requires": {
        "at-least-node": "^1.0.0",
        "graceful-fs": "^4.2.0",
        "jsonfile": "^6.0.1",
        "universalify": "^2.0.0"
      }
    },
    "graceful-fs": {
      "version": "4.2.11",
      "resolved": "https://registry.npmmirror.com/graceful-fs/-/graceful-fs-4.2.11.tgz",
      "integrity": "sha512-RbJ5/jmFcNNCcDV5o9eTnBLJ/HszWV0P73bc+Ff4nS/rJj+YaS6IGyiOL0VoBYX+l1Wrl3k63h/KrH+nhJ0XvQ=="
    },
    "handlebars": {
      "version": "4.7.8",
      "resolved": "https://registry.npmmirror.com/handlebars/-/handlebars-4.7.8.tgz",
      "integrity": "sha512-vafaFqs8MZkRrSX7sFVUdo3ap/ALIBABA_ACCESS_KEY_SECRET_REDACTEDEoJzzpT8aQ==",
      "requires": {
        "minimist": "^1.2.5",
        "neo-async": "^2.6.2",
        "source-map": "^0.6.1",
        "uglify-js": "^3.1.4",
        "wordwrap": "^1.0.0"
      }
    },
    "iconv-lite": {
      "version": "0.5.2",
      "resolved": "https://registry.npmmirror.com/iconv-lite/-/iconv-lite-0.5.2.tgz",
      "integrity": "sha512-ALIBABA_ACCESS_KEY_SECRET_REDACTED+ALIBABA_ACCESS_KEY_SECRET_REDACTED==",
      "requires": {
        "safer-buffer": ">= 2.1.2 < 3"
      }
    },
    "jsonfile": {
      "version": "6.1.0",
      "resolved": "https://registry.npmmirror.com/jsonfile/-/jsonfile-6.1.0.tgz",
      "integrity": "sha512-ALIBABA_ACCESS_KEY_SECRET_REDACTED/ALIBABA_ACCESS_KEY_SECRET_REDACTED+fY3cn3pMqXQ==",
      "requires": {
        "graceful-fs": "^4.1.6",
        "universalify": "^2.0.0"
      }
    },
    "jwa": {
      "version": "2.0.0",
      "resolved": "https://registry.npmmirror.com/jwa/-/jwa-2.0.0.tgz",
      "integrity": "sha512-jrZ2Qx916EA+ALIBABA_ACCESS_KEY_SECRET_REDACTED+MwrTvH6msKxsd1YTDVw6uKEcsrLEA==",
      "requires": {
        "buffer-equal-constant-time": "1.0.1",
        "ecdsa-sig-formatter": "1.0.11",
        "safe-buffer": "^5.0.1"
      }
    },
    "jws": {
      "version": "4.0.0",
      "resolved": "https://registry.npmmirror.com/jws/-/jws-4.0.0.tgz",
      "integrity": "sha512-ALIBABA_ACCESS_KEY_SECRET_REDACTED+ru6RgYVZhPkyiy/92Owlt/8UEN+a4TXR1FQetfIpJE8ApdvdVxTg==",
      "requires": {
        "jwa": "^2.0.0",
        "safe-buffer": "^5.0.1"
      }
    },
    "minimist": {
      "version": "1.2.8",
      "resolved": "https://registry.npmmirror.com/minimist/-/minimist-1.2.8.tgz",
      "integrity": "sha512-ALIBABA_ACCESS_KEY_SECRET_REDACTEDveqqj1u8+SVD7jkWT4yvsHCpWqqWqAxb0zCA=="
    },
    "neo-async": {
      "version": "2.6.2",
      "resolved": "https://registry.npmmirror.com/neo-async/-/neo-async-2.6.2.tgz",
      "integrity": "sha512-Yd3UES5mWCSqR+ALIBABA_ACCESS_KEY_SECRET_REDACTED/sF3RrshdyV3sAGMXVUmpMYOw+dLpOuw=="
    },
    "querystring": {
      "version": "0.2.1",
      "resolved": "https://registry.npmmirror.com/querystring/-/querystring-0.2.1.tgz",
      "integrity": "sha512-wkvS7mL/JMugcup3/ALIBABA_ACCESS_KEY_SECRET_REDACTED+wyx61k/1pfKS5KuKiyEbg=="
    },
    "safe-buffer": {
      "version": "5.2.1",
      "resolved": "https://registry.npmmirror.com/safe-buffer/-/safe-buffer-5.2.1.tgz",
      "integrity": "sha512-ALIBABA_ACCESS_KEY_SECRET_REDACTED+ppbRo70+YeaDxkw5Dd8NPN+GD6bjnYm2VuPuCXmpuYvmCXQ=="
    },
    "safer-buffer": {
      "version": "2.1.2",
      "resolved": "https://registry.npmmirror.com/safer-buffer/-/safer-buffer-2.1.2.tgz",
      "integrity": "sha512-ALIBABA_ACCESS_KEY_SECRET_REDACTEDALIBABA_ACCESS_KEY_SECRET_REDACTED=="
    },
    "source-map": {
      "version": "0.6.1",
      "resolved": "https://registry.npmmirror.com/source-map/-/source-map-0.6.1.tgz",
      "integrity": "sha512-ALIBABA_ACCESS_KEY_SECRET_REDACTED/ALIBABA_ACCESS_KEY_SECRET_REDACTED=="
    },
    "uglify-js": {
      "version": "3.17.4",
      "resolved": "https://registry.npmmirror.com/uglify-js/-/uglify-js-3.17.4.tgz",
      "integrity": "sha512-T9q82TJI9e/C1TAxYvfb16xO120tMVFZrGA3f9/ALIBABA_ACCESS_KEY_SECRET_REDACTED/g==",
      "optional": true
    },
    "universalify": {
      "version": "2.0.1",
      "resolved": "https://registry.npmmirror.com/universalify/-/universalify-2.0.1.tgz",
      "integrity": "sha512-gptHNQghINnc/ALIBABA_ACCESS_KEY_SECRET_REDACTEDh+PsYAZ7oXAiOnf/UKogyiw=="
    },
    "vditor": {
      "version": "3.9.8",
      "resolved": "https://registry.npmmirror.com/vditor/-/vditor-3.9.8.tgz",
      "integrity": "sha512-Ls17n8GR9t6JOQqH6c0+UegOkuKT/qtMEUOi/ALIBABA_ACCESS_KEY_SECRET_REDACTED==",
      "requires": {
        "diff-match-patch": "^1.0.5"
      }
    },
    "wordwrap": {
      "version": "1.0.0",
      "resolved": "https://registry.npmmirror.com/wordwrap/-/wordwrap-1.0.0.tgz",
      "integrity": "sha512-ALIBABA_ACCESS_KEY_SECRET_REDACTEDrtRTmWV8W+Ume+XCxKgbjM+nevkyFPMybd4Q=="
    }
  }
}
